
Microsoft Visual Studio Solution File, Format Version 12.00
# Visual Studio Version 17
VisualStudioVersion = 17.7.34024.191
MinimumVisualStudioVersion = 10.0.40219.1
Project("{8BC9CEB8-8B4A-11D0-8D11-00A0C91BC942}") = "SimpleGame", "SimpleGame\SimpleGame.vcxproj", "{B260CF00-174D-4032-B038-6E9749855317}"
EndProject
Global
	GlobalSection(SolutionConfigurationPlatforms) = preSolution
		Debug|x64 = Debug|x64
		Debug|x86 = Debug|x86
		Release|x64 = Release|x64
		Release|x86 = Release|x86
	EndGlobalSection
	GlobalSection(ProjectConfigurationPlatforms) = postSolution
		{B260CF00-174D-4032-B038-6E9749855317}.Debug|x64.ActiveCfg = Debug|x64
		{B260CF00-174D-4032-B038-6E9749855317}.Debug|x64.Build.0 = Debug|x64
		{B260CF00-174D-4032-B038-6E9749855317}.Debug|x86.ActiveCfg = Debug|Win32
		{B260CF00-174D-4032-B038-6E9749855317}.Debug|x86.Build.0 = Debug|Win32
		{B260CF00-174D-4032-B038-6E9749855317}.Release|x64.ActiveCfg = Release|x64
		{B260CF00-174D-4032-B038-6E9749855317}.Release|x64.Build.0 = Release|x64
		{B260CF00-174D-4032-B038-6E9749855317}.Release|x86.ActiveCfg = Release|Win32
		{B260CF00-174D-4032-B038-6E9749855317}.Release|x86.Build.0 = Release|Win32
	EndGlobalSection
	GlobalSection(SolutionProperties) = preSolution
		HideSolutionNode = FALSE
	EndGlobalSection
	GlobalSection(ExtensibilityGlobals) = postSolution
		SolutionGuid = {34A184A4-7E6F-444A-88E1-B5BE3CD2E88D}
	EndGlobalSection
EndGlobal
